
Microsoft Visual Studio Solution File, Format Version 12.00
# Visual Studio Version 17
VisualStudioVersion = 17.11.35312.102
MinimumVisualStudioVersion = 10.0.40219.1
Project("{9A19103F-16F7-4668-BE54-9A1E7A4F7556}") = "IPCServer", "IPCServer\IPCServer.csproj", "{B0AB4FAB-3A15-4CFA-9876-34E01D578A25}"
EndProject
Project("{FAE04EC0-301F-11D3-BF4B-00C04F79EFBC}") = "Test", "Test\Test.csproj", "{CDB0287B-CBF4-496A-977F-5C684EB28C33}"
EndProject
Global
	GlobalSection(SolutionConfigurationPlatforms) = preSolution
		Debug|Any CPU = Debug|Any CPU
		Release|Any CPU = Release|Any CPU
	EndGlobalSection
	GlobalSection(ProjectConfigurationPlatforms) = postSolution
		{B0AB4FAB-3A15-4CFA-9876-34E01D578A25}.Debug|Any CPU.ActiveCfg = Debug|Any CPU
		{B0AB4FAB-3A15-4CFA-9876-34E01D578A25}.Debug|Any CPU.Build.0 = Debug|Any CPU
		{B0AB4FAB-3A15-4CFA-9876-34E01D578A25}.Release|Any CPU.ActiveCfg = Release|Any CPU
		{B0AB4FAB-3A15-4CFA-9876-34E01D578A25}.Release|Any CPU.Build.0 = Release|Any CPU
		{CDB0287B-CBF4-496A-977F-5C684EB28C33}.Debug|Any CPU.ActiveCfg = Debug|Any CPU
		{CDB0287B-CBF4-496A-977F-5C684EB28C33}.Debug|Any CPU.Build.0 = Debug|Any CPU
		{CDB0287B-CBF4-496A-977F-5C684EB28C33}.Release|Any CPU.ActiveCfg = Release|Any CPU
		{CDB0287B-CBF4-496A-977F-5C684EB28C33}.Release|Any CPU.Build.0 = Release|Any CPU
	EndGlobalSection
	GlobalSection(SolutionProperties) = preSolution
		HideSolutionNode = FALSE
	EndGlobalSection
	GlobalSection(ExtensibilityGlobals) = postSolution
		SolutionGuid = {78892382-EC64-4701-933F-FE04768B7415}
	EndGlobalSection
EndGlobal
